
Microsoft Visual Studio Solution File, Format Version 12.00
# Visual Studio Version 17
VisualStudioVersion = 17.3.32929.385
MinimumVisualStudioVersion = 10.0.40219.1
Project("{9A19103F-16F7-4668-BE54-9A1E7A4F7556}") = "Qr_Generator", "Qr_Generator.csproj", "{82C6EB7B-4B36-46AE-9CC3-8D8D04D797D1}"
EndProject
Global
	GlobalSection(SolutionConfigurationPlatforms) = preSolution
		Debug|Any CPU = Debug|Any CPU
		Release|Any CPU = Release|Any CPU
	EndGlobalSection
	GlobalSection(ProjectConfigurationPlatforms) = postSolution
		{82C6EB7B-4B36-46AE-9CC3-8D8D04D797D1}.Debug|Any CPU.ActiveCfg = Debug|Any CPU
		{82C6EB7B-4B36-46AE-9CC3-8D8D04D797D1}.Debug|Any CPU.Build.0 = Debug|Any CPU
		{82C6EB7B-4B36-46AE-9CC3-8D8D04D797D1}.Release|Any CPU.ActiveCfg = Release|Any CPU
		{82C6EB7B-4B36-46AE-9CC3-8D8D04D797D1}.Release|Any CPU.Build.0 = Release|Any CPU
	EndGlobalSection
	GlobalSection(SolutionProperties) = preSolution
		HideSolutionNode = FALSE
	EndGlobalSection
	GlobalSection(ExtensibilityGlobals) = postSolution
		SolutionGuid = {8FF95BCF-E62D-4B89-BE89-5749887AA246}
	EndGlobalSection
EndGlobal
